
Microsoft Visual Studio Solution File, Format Version 12.00
# Visual Studio Version 16
VisualStudioVersion = 16.0.31702.278
MinimumVisualStudioVersion = 10.0.40219.1
Project("{FAE04EC0-301F-11D3-BF4B-00C04F79EFBC}") = "Lab 6_1", "Lab 6_1\Lab 6_1.csproj", "{CC8909FC-6256-4B7F-B193-294B1546D1CF}"
EndProject
Global
	GlobalSection(SolutionConfigurationPlatforms) = preSolution
		Debug|Any CPU = Debug|Any CPU
		Release|Any CPU = Release|Any CPU
	EndGlobalSection
	GlobalSection(ProjectConfigurationPlatforms) = postSolution
		{CC8909FC-6256-4B7F-B193-294B1546D1CF}.Debug|Any CPU.ActiveCfg = Debug|Any CPU
		{CC8909FC-6256-4B7F-B193-294B1546D1CF}.Debug|Any CPU.Build.0 = Debug|Any CPU
		{CC8909FC-6256-4B7F-B193-294B1546D1CF}.Release|Any CPU.ActiveCfg = Release|Any CPU
		{CC8909FC-6256-4B7F-B193-294B1546D1CF}.Release|Any CPU.Build.0 = Release|Any CPU
	EndGlobalSection
	GlobalSection(SolutionProperties) = preSolution
		HideSolutionNode = FALSE
	EndGlobalSection
	GlobalSection(ExtensibilityGlobals) = postSolution
		SolutionGuid = {D0A4D6B0-AF6A-419C-B358-13FC579C618A}
	EndGlobalSection
EndGlobal
